
Microsoft Visual Studio Solution File, Format Version 12.00
# Visual Studio Version 16
VisualStudioVersion = 16.0.29709.97
MinimumVisualStudioVersion = 10.0.40219.1
Project("{FAE04EC0-301F-11D3-BF4B-00C04F79EFBC}") = "CubeByChance", "CubeByChance.csproj", "{23DDC0C5-52AF-4F2B-924E-3FA03DFA90BE}"
EndProject
Global
	GlobalSection(SolutionConfigurationPlatforms) = preSolution
		Debug|Any CPU = Debug|Any CPU
		Release|Any CPU = Release|Any CPU
	EndGlobalSection
	GlobalSection(ProjectConfigurationPlatforms) = postSolution
		{23DDC0C5-52AF-4F2B-924E-3FA03DFA90BE}.Debug|Any CPU.ActiveCfg = Debug|Any CPU
		{23DDC0C5-52AF-4F2B-924E-3FA03DFA90BE}.Debug|Any CPU.Build.0 = Debug|Any CPU
		{23DDC0C5-52AF-4F2B-924E-3FA03DFA90BE}.Release|Any CPU.ActiveCfg = Release|Any CPU
		{23DDC0C5-52AF-4F2B-924E-3FA03DFA90BE}.Release|Any CPU.Build.0 = Release|Any CPU
	EndGlobalSection
	GlobalSection(SolutionProperties) = preSolution
		HideSolutionNode = FALSE
	EndGlobalSection
	GlobalSection(ExtensibilityGlobals) = postSolution
		SolutionGuid = {E2796639-520A-4D72-AC94-18172A2B5D2B}
	EndGlobalSection
EndGlobal
